
Microsoft Visual Studio Solution File, Format Version 12.00
# Visual Studio 15
VisualStudioVersion = 15.0.28010.2036
MinimumVisualStudioVersion = 10.0.40219.1
Project("{FAE04EC0-301F-11D3-BF4B-00C04F79EFBC}") = "DESCUENTOS_ASOCIADOS", "DESCUENTOS_ASOCIADOS\DESCUENTOS_ASOCIADOS.csproj", "{FFFFE16D-5BCA-485A-9338-5160090BFB48}"
EndProject
Project("{FAE04EC0-301F-11D3-BF4B-00C04F79EFBC}") = "DESCUENTOS_ASOCIADOS.Tests", "DESCUENTOS_ASOCIADOS.Tests\DESCUENTOS_ASOCIADOS.Tests.csproj", "{86174C75-D29B-46AA-AA1E-1EF1F68AA47A}"
EndProject
Global
	GlobalSection(SolutionConfigurationPlatforms) = preSolution
		Debug|Any CPU = Debug|Any CPU
		Release|Any CPU = Release|Any CPU
	EndGlobalSection
	GlobalSection(ProjectConfigurationPlatforms) = postSolution
		{FFFFE16D-5BCA-485A-9338-5160090BFB48}.Debug|Any CPU.ActiveCfg = Debug|Any CPU
		{FFFFE16D-5BCA-485A-9338-5160090BFB48}.Debug|Any CPU.Build.0 = Debug|Any CPU
		{FFFFE16D-5BCA-485A-9338-5160090BFB48}.Release|Any CPU.ActiveCfg = Release|Any CPU
		{FFFFE16D-5BCA-485A-9338-5160090BFB48}.Release|Any CPU.Build.0 = Release|Any CPU
		{86174C75-D29B-46AA-AA1E-1EF1F68AA47A}.Debug|Any CPU.ActiveCfg = Debug|Any CPU
		{86174C75-D29B-46AA-AA1E-1EF1F68AA47A}.Debug|Any CPU.Build.0 = Debug|Any CPU
		{86174C75-D29B-46AA-AA1E-1EF1F68AA47A}.Release|Any CPU.ActiveCfg = Release|Any CPU
		{86174C75-D29B-46AA-AA1E-1EF1F68AA47A}.Release|Any CPU.Build.0 = Release|Any CPU
	EndGlobalSection
	GlobalSection(SolutionProperties) = preSolution
		HideSolutionNode = FALSE
	EndGlobalSection
	GlobalSection(ExtensibilityGlobals) = postSolution
		SolutionGuid = {FBDBE677-2145-47CC-AE9D-6D3A563EF55C}
	EndGlobalSection
EndGlobal
